// !$*UTF8*$!
{
	archiveVersion = 1;
	classes = {
	};
	objectVersion = 50;
	objects = {

/* Begin PBXBuildFile section */
		314675C222593EA300D8CA1E /* ItemViewCell.swift in Sources */ = {isa = PBXBuildFile; fileRef = 314675C122593EA300D8CA1E /* ItemViewCell.swift */; };
		314675C422593F0900D8CA1E /* ItemsTableViewController.swift in Sources */ = {isa = PBXBuildFile; fileRef = 314675C322593F0900D8CA1E /* ItemsTableViewController.swift */; };
		314675C72259453600D8CA1E /* CellConstants.swift in Sources */ = {isa = PBXBuildFile; fileRef = 314675C62259453600D8CA1E /* CellConstants.swift */; };
		314675CA225946CF00D8CA1E /* TableViewCellProtocol.swift in Sources */ = {isa = PBXBuildFile; fileRef = 314675C9225946CF00D8CA1E /* TableViewCellProtocol.swift */; };
		314675CC225A110E00D8CA1E /* NewListViewController.swift in Sources */ = {isa = PBXBuildFile; fileRef = 314675CB225A110E00D8CA1E /* NewListViewController.swift */; };
		314675CE225A27E900D8CA1E /* SelectableUserCell.swift in Sources */ = {isa = PBXBuildFile; fileRef = 314675CD225A27E900D8CA1E /* SelectableUserCell.swift */; };
		314675D0225A2C8900D8CA1E /* SelectableUser.swift in Sources */ = {isa = PBXBuildFile; fileRef = 314675CF225A2C8900D8CA1E /* SelectableUser.swift */; };
		314675D2225A301500D8CA1E /* UserService.swift in Sources */ = {isa = PBXBuildFile; fileRef = 314675D1225A301500D8CA1E /* UserService.swift */; };
		314675D5225A8E9B00D8CA1E /* QueriedUsersTableView.swift in Sources */ = {isa = PBXBuildFile; fileRef = 314675D4225A8E9B00D8CA1E /* QueriedUsersTableView.swift */; };
		314675D7225A93CF00D8CA1E /* AlertLabels.swift in Sources */ = {isa = PBXBuildFile; fileRef = 314675D6225A93CF00D8CA1E /* AlertLabels.swift */; };
		314675D9225A942F00D8CA1E /* ButtonLabels.swift in Sources */ = {isa = PBXBuildFile; fileRef = 314675D8225A942F00D8CA1E /* ButtonLabels.swift */; };
		31911610223EC906004A4D19 /* AppDelegate.swift in Sources */ = {isa = PBXBuildFile; fileRef = 3191160F223EC906004A4D19 /* AppDelegate.swift */; };
		31911612223EC906004A4D19 /* ViewController.swift in Sources */ = {isa = PBXBuildFile; fileRef = 31911611223EC906004A4D19 /* ViewController.swift */; };
		31911615223EC906004A4D19 /* Main.storyboard in Resources */ = {isa = PBXBuildFile; fileRef = 31911613223EC906004A4D19 /* Main.storyboard */; };
		31911618223EC906004A4D19 /* todos_ios.xcdatamodeld in Sources */ = {isa = PBXBuildFile; fileRef = 31911616223EC906004A4D19 /* todos_ios.xcdatamodeld */; };
		3191161A223EC90A004A4D19 /* Assets.xcassets in Resources */ = {isa = PBXBuildFile; fileRef = 31911619223EC90A004A4D19 /* Assets.xcassets */; };
		3191161D223EC90A004A4D19 /* LaunchScreen.storyboard in Resources */ = {isa = PBXBuildFile; fileRef = 3191161B223EC90A004A4D19 /* LaunchScreen.storyboard */; };
		31911628223ECE4F004A4D19 /* LoginViewController.swift in Sources */ = {isa = PBXBuildFile; fileRef = 31911627223ECE4F004A4D19 /* LoginViewController.swift */; };
		3191162A223ECE61004A4D19 /* SignUpViewController.swift in Sources */ = {isa = PBXBuildFile; fileRef = 31911629223ECE61004A4D19 /* SignUpViewController.swift */; };
		3191162C223ECF9D004A4D19 /* Segues.swift in Sources */ = {isa = PBXBuildFile; fileRef = 3191162B223ECF9D004A4D19 /* Segues.swift */; };
		3191162F223EDF73004A4D19 /* AuthenticationService.swift in Sources */ = {isa = PBXBuildFile; fileRef = 3191162E223EDF73004A4D19 /* AuthenticationService.swift */; };
		31AFEA692262966500BCBAE6 /* FriendViewCell.swift in Sources */ = {isa = PBXBuildFile; fileRef = 31AFEA682262966500BCBAE6 /* FriendViewCell.swift */; };
		31AFEA6B226296A800BCBAE6 /* FriendsDataSource.swift in Sources */ = {isa = PBXBuildFile; fileRef = 31AFEA6A226296A800BCBAE6 /* FriendsDataSource.swift */; };
		31D5474522637F500054C3B6 /* SelectableUserDataSource.swift in Sources */ = {isa = PBXBuildFile; fileRef = 31D5474422637F500054C3B6 /* SelectableUserDataSource.swift */; };
		31F1874A22501523004CA1CE /* ListsTableViewController.swift in Sources */ = {isa = PBXBuildFile; fileRef = 31F1874922501523004CA1CE /* ListsTableViewController.swift */; };
		31F1874C2250158B004CA1CE /* ListViewCell.swift in Sources */ = {isa = PBXBuildFile; fileRef = 31F1874B2250158B004CA1CE /* ListViewCell.swift */; };
		31F1874F22501A6F004CA1CE /* List.swift in Sources */ = {isa = PBXBuildFile; fileRef = 31F1874E22501A6F004CA1CE /* List.swift */; };
		31F1875122501A7B004CA1CE /* Item.swift in Sources */ = {isa = PBXBuildFile; fileRef = 31F1875022501A7B004CA1CE /* Item.swift */; };
		31F1875322501B7E004CA1CE /* User.swift in Sources */ = {isa = PBXBuildFile; fileRef = 31F1875222501B7E004CA1CE /* User.swift */; };
		31F1875522501C8C004CA1CE /* Cells.swift in Sources */ = {isa = PBXBuildFile; fileRef = 31F1875422501C8C004CA1CE /* Cells.swift */; };
		31F1875722501D87004CA1CE /* ListService.swift in Sources */ = {isa = PBXBuildFile; fileRef = 31F1875622501D87004CA1CE /* ListService.swift */; };
		31F5A63D227E3CEC004FF1CC /* UserTranslator.swift in Sources */ = {isa = PBXBuildFile; fileRef = 31F5A63C227E3CEC004FF1CC /* UserTranslator.swift */; };
		31F5A63F227E3F3B004FF1CC /* SelectableFriendCell.swift in Sources */ = {isa = PBXBuildFile; fileRef = 31F5A63E227E3F3B004FF1CC /* SelectableFriendCell.swift */; };
		31F5A64122807EF1004FF1CC /* NewItemViewController.swift in Sources */ = {isa = PBXBuildFile; fileRef = 31F5A64022807EF1004FF1CC /* NewItemViewController.swift */; };
		31F5A6462280C511004FF1CC /* FriendsTableViewController.swift in Sources */ = {isa = PBXBuildFile; fileRef = 31F5A6452280C511004FF1CC /* FriendsTableViewController.swift */; };
		31F5A6482280C780004FF1CC /* SearchUsersViewController.swift in Sources */ = {isa = PBXBuildFile; fileRef = 31F5A6472280C780004FF1CC /* SearchUsersViewController.swift */; };
/* End PBXBuildFile section */

/* Begin PBXFileReference section */
		314675C122593EA300D8CA1E /* ItemViewCell.swift */ = {isa = PBXFileReference; lastKnownFileType = sourcecode.swift; path = ItemViewCell.swift; sourceTree = "<group>"; };
		314675C322593F0900D8CA1E /* ItemsTableViewController.swift */ = {isa = PBXFileReference; lastKnownFileType = sourcecode.swift; path = ItemsTableViewController.swift; sourceTree = "<group>"; };
		314675C62259453600D8CA1E /* CellConstants.swift */ = {isa = PBXFileReference; lastKnownFileType = sourcecode.swift; path = CellConstants.swift; sourceTree = "<group>"; };
		314675C9225946CF00D8CA1E /* TableViewCellProtocol.swift */ = {isa = PBXFileReference; lastKnownFileType = sourcecode.swift; path = TableViewCellProtocol.swift; sourceTree = "<group>"; };
		314675CB225A110E00D8CA1E /* NewListViewController.swift */ = {isa = PBXFileReference; lastKnownFileType = sourcecode.swift; path = NewListViewController.swift; sourceTree = "<group>"; };
		314675CD225A27E900D8CA1E /* SelectableUserCell.swift */ = {isa = PBXFileReference; lastKnownFileType = sourcecode.swift; path = SelectableUserCell.swift; sourceTree = "<group>"; };
		314675CF225A2C8900D8CA1E /* SelectableUser.swift */ = {isa = PBXFileReference; lastKnownFileType = sourcecode.swift; path = SelectableUser.swift; sourceTree = "<group>"; };
		314675D1225A301500D8CA1E /* UserService.swift */ = {isa = PBXFileReference; lastKnownFileType = sourcecode.swift; path = UserService.swift; sourceTree = "<group>"; };
		314675D4225A8E9B00D8CA1E /* QueriedUsersTableView.swift */ = {isa = PBXFileReference; lastKnownFileType = sourcecode.swift; path = QueriedUsersTableView.swift; sourceTree = "<group>"; };
		314675D6225A93CF00D8CA1E /* AlertLabels.swift */ = {isa = PBXFileReference; lastKnownFileType = sourcecode.swift; path = AlertLabels.swift; sourceTree = "<group>"; };
		314675D8225A942F00D8CA1E /* ButtonLabels.swift */ = {isa = PBXFileReference; lastKnownFileType = sourcecode.swift; path = ButtonLabels.swift; sourceTree = "<group>"; };
		3191160C223EC906004A4D19 /* todos-ios.app */ = {isa = PBXFileReference; explicitFileType = wrapper.application; includeInIndex = 0; path = "todos-ios.app"; sourceTree = BUILT_PRODUCTS_DIR; };
		3191160F223EC906004A4D19 /* AppDelegate.swift */ = {isa = PBXFileReference; lastKnownFileType = sourcecode.swift; path = AppDelegate.swift; sourceTree = "<group>"; };
		31911611223EC906004A4D19 /* ViewController.swift */ = {isa = PBXFileReference; lastKnownFileType = sourcecode.swift; path = ViewController.swift; sourceTree = "<group>"; };
		31911614223EC906004A4D19 /* Base */ = {isa = PBXFileReference; lastKnownFileType = file.storyboard; name = Base; path = Base.lproj/Main.storyboard; sourceTree = "<group>"; };
		31911617223EC906004A4D19 /* todos_ios.xcdatamodel */ = {isa = PBXFileReference; lastKnownFileType = wrapper.xcdatamodel; path = todos_ios.xcdatamodel; sourceTree = "<group>"; };
		31911619223EC90A004A4D19 /* Assets.xcassets */ = {isa = PBXFileReference; lastKnownFileType = folder.assetcatalog; path = Assets.xcassets; sourceTree = "<group>"; };
		3191161C223EC90A004A4D19 /* Base */ = {isa = PBXFileReference; lastKnownFileType = file.storyboard; name = Base; path = Base.lproj/LaunchScreen.storyboard; sourceTree = "<group>"; };
		3191161E223EC90A004A4D19 /* Info.plist */ = {isa = PBXFileReference; lastKnownFileType = text.plist.xml; path = Info.plist; sourceTree = "<group>"; };
		31911627223ECE4F004A4D19 /* LoginViewController.swift */ = {isa = PBXFileReference; lastKnownFileType = sourcecode.swift; path = LoginViewController.swift; sourceTree = "<group>"; };
		31911629223ECE61004A4D19 /* SignUpViewController.swift */ = {isa = PBXFileReference; lastKnownFileType = sourcecode.swift; path = SignUpViewController.swift; sourceTree = "<group>"; };
		3191162B223ECF9D004A4D19 /* Segues.swift */ = {isa = PBXFileReference; lastKnownFileType = sourcecode.swift; path = Segues.swift; sourceTree = "<group>"; };
		3191162E223EDF73004A4D19 /* AuthenticationService.swift */ = {isa = PBXFileReference; lastKnownFileType = sourcecode.swift; path = AuthenticationService.swift; sourceTree = "<group>"; };
		31AFEA682262966500BCBAE6 /* FriendViewCell.swift */ = {isa = PBXFileReference; lastKnownFileType = sourcecode.swift; path = FriendViewCell.swift; sourceTree = "<group>"; };
		31AFEA6A226296A800BCBAE6 /* FriendsDataSource.swift */ = {isa = PBXFileReference; lastKnownFileType = sourcecode.swift; path = FriendsDataSource.swift; sourceTree = "<group>"; };
		31D5474422637F500054C3B6 /* SelectableUserDataSource.swift */ = {isa = PBXFileReference; lastKnownFileType = sourcecode.swift; path = SelectableUserDataSource.swift; sourceTree = "<group>"; };
		31F1874922501523004CA1CE /* ListsTableViewController.swift */ = {isa = PBXFileReference; lastKnownFileType = sourcecode.swift; path = ListsTableViewController.swift; sourceTree = "<group>"; };
		31F1874B2250158B004CA1CE /* ListViewCell.swift */ = {isa = PBXFileReference; lastKnownFileType = sourcecode.swift; path = ListViewCell.swift; sourceTree = "<group>"; };
		31F1874E22501A6F004CA1CE /* List.swift */ = {isa = PBXFileReference; lastKnownFileType = sourcecode.swift; path = List.swift; sourceTree = "<group>"; };
		31F1875022501A7B004CA1CE /* Item.swift */ = {isa = PBXFileReference; lastKnownFileType = sourcecode.swift; path = Item.swift; sourceTree = "<group>"; };
		31F1875222501B7E004CA1CE /* User.swift */ = {isa = PBXFileReference; lastKnownFileType = sourcecode.swift; path = User.swift; sourceTree = "<group>"; };
		31F1875422501C8C004CA1CE /* Cells.swift */ = {isa = PBXFileReference; lastKnownFileType = sourcecode.swift; path = Cells.swift; sourceTree = "<group>"; };
		31F1875622501D87004CA1CE /* ListService.swift */ = {isa = PBXFileReference; lastKnownFileType = sourcecode.swift; path = ListService.swift; sourceTree = "<group>"; };
		31F5A63C227E3CEC004FF1CC /* UserTranslator.swift */ = {isa = PBXFileReference; lastKnownFileType = sourcecode.swift; path = UserTranslator.swift; sourceTree = "<group>"; };
		31F5A63E227E3F3B004FF1CC /* SelectableFriendCell.swift */ = {isa = PBXFileReference; lastKnownFileType = sourcecode.swift; path = SelectableFriendCell.swift; sourceTree = "<group>"; };
		31F5A64022807EF1004FF1CC /* NewItemViewController.swift */ = {isa = PBXFileReference; lastKnownFileType = sourcecode.swift; path = NewItemViewController.swift; sourceTree = "<group>"; };
		31F5A6452280C511004FF1CC /* FriendsTableViewController.swift */ = {isa = PBXFileReference; lastKnownFileType = sourcecode.swift; path = FriendsTableViewController.swift; sourceTree = "<group>"; };
		31F5A6472280C780004FF1CC /* SearchUsersViewController.swift */ = {isa = PBXFileReference; lastKnownFileType = sourcecode.swift; path = SearchUsersViewController.swift; sourceTree = "<group>"; };
/* End PBXFileReference section */

/* Begin PBXFrameworksBuildPhase section */
		31911609223EC906004A4D19 /* Frameworks */ = {
			isa = PBXFrameworksBuildPhase;
			buildActionMask = 2147483647;
			files = (
			);
			runOnlyForDeploymentPostprocessing = 0;
		};
/* End PBXFrameworksBuildPhase section */

/* Begin PBXGroup section */
		314675C52259451E00D8CA1E /* constants */ = {
			isa = PBXGroup;
			children = (
				314675C62259453600D8CA1E /* CellConstants.swift */,
				314675D6225A93CF00D8CA1E /* AlertLabels.swift */,
				314675D8225A942F00D8CA1E /* ButtonLabels.swift */,
			);
			path = constants;
			sourceTree = "<group>";
		};
		314675C8225946B700D8CA1E /* protocols */ = {
			isa = PBXGroup;
			children = (
				314675C9225946CF00D8CA1E /* TableViewCellProtocol.swift */,
			);
			path = protocols;
			sourceTree = "<group>";
		};
		314675D3225A8E6C00D8CA1E /* views */ = {
			isa = PBXGroup;
			children = (
				314675D4225A8E9B00D8CA1E /* QueriedUsersTableView.swift */,
			);
			path = views;
			sourceTree = "<group>";
		};
		31911603223EC906004A4D19 = {
			isa = PBXGroup;
			children = (
				3191160E223EC906004A4D19 /* todos-ios */,
				3191160D223EC906004A4D19 /* Products */,
			);
			sourceTree = "<group>";
		};
		3191160D223EC906004A4D19 /* Products */ = {
			isa = PBXGroup;
			children = (
				3191160C223EC906004A4D19 /* todos-ios.app */,
			);
			name = Products;
			sourceTree = "<group>";
		};
		3191160E223EC906004A4D19 /* todos-ios */ = {
			isa = PBXGroup;
			children = (
				31F5A63B227E3CCF004FF1CC /* translators */,
				31AFEA6C226296AD00BCBAE6 /* datasources */,
				314675D3225A8E6C00D8CA1E /* views */,
				314675C8225946B700D8CA1E /* protocols */,
				314675C52259451E00D8CA1E /* constants */,
				31F1874D22501A62004CA1CE /* models */,
				3191162D223EDF58004A4D19 /* services */,
				31911626223ECE2B004A4D19 /* cells */,
				31911625223ECE1E004A4D19 /* identifiers */,
				31911624223ECE15004A4D19 /* controllers */,
				3191160F223EC906004A4D19 /* AppDelegate.swift */,
				31911611223EC906004A4D19 /* ViewController.swift */,
				31911613223EC906004A4D19 /* Main.storyboard */,
				31911619223EC90A004A4D19 /* Assets.xcassets */,
				3191161B223EC90A004A4D19 /* LaunchScreen.storyboard */,
				3191161E223EC90A004A4D19 /* Info.plist */,
				31911616223EC906004A4D19 /* todos_ios.xcdatamodeld */,
			);
			path = "todos-ios";
			sourceTree = "<group>";
		};
		31911624223ECE15004A4D19 /* controllers */ = {
			isa = PBXGroup;
			children = (
				31F5A64422808F64004FF1CC /* auth */,
				31F5A64322808F37004FF1CC /* lists */,
				31F5A64222808F26004FF1CC /* items */,
				31F5A6452280C511004FF1CC /* FriendsTableViewController.swift */,
				31F5A6472280C780004FF1CC /* SearchUsersViewController.swift */,
			);
			path = controllers;
			sourceTree = "<group>";
		};
		31911625223ECE1E004A4D19 /* identifiers */ = {
			isa = PBXGroup;
			children = (
				3191162B223ECF9D004A4D19 /* Segues.swift */,
				31F1875422501C8C004CA1CE /* Cells.swift */,
			);
			path = identifiers;
			sourceTree = "<group>";
		};
		31911626223ECE2B004A4D19 /* cells */ = {
			isa = PBXGroup;
			children = (
				31F1874B2250158B004CA1CE /* ListViewCell.swift */,
				314675C122593EA300D8CA1E /* ItemViewCell.swift */,
				314675CD225A27E900D8CA1E /* SelectableUserCell.swift */,
				31AFEA682262966500BCBAE6 /* FriendViewCell.swift */,
				31F5A63E227E3F3B004FF1CC /* SelectableFriendCell.swift */,
			);
			path = cells;
			sourceTree = "<group>";
		};
		3191162D223EDF58004A4D19 /* services */ = {
			isa = PBXGroup;
			children = (
				3191162E223EDF73004A4D19 /* AuthenticationService.swift */,
				31F1875622501D87004CA1CE /* ListService.swift */,
				314675D1225A301500D8CA1E /* UserService.swift */,
			);
			path = services;
			sourceTree = "<group>";
		};
		31AFEA6C226296AD00BCBAE6 /* datasources */ = {
			isa = PBXGroup;
			children = (
				31AFEA6A226296A800BCBAE6 /* FriendsDataSource.swift */,
				31D5474422637F500054C3B6 /* SelectableUserDataSource.swift */,
			);
			path = datasources;
			sourceTree = "<group>";
		};
		31F1874D22501A62004CA1CE /* models */ = {
			isa = PBXGroup;
			children = (
				31F1874E22501A6F004CA1CE /* List.swift */,
				31F1875022501A7B004CA1CE /* Item.swift */,
				31F1875222501B7E004CA1CE /* User.swift */,
				314675CF225A2C8900D8CA1E /* SelectableUser.swift */,
			);
			path = models;
			sourceTree = "<group>";
		};
		31F5A63B227E3CCF004FF1CC /* translators */ = {
			isa = PBXGroup;
			children = (
				31F5A63C227E3CEC004FF1CC /* UserTranslator.swift */,
			);
			path = translators;
			sourceTree = "<group>";
		};
		31F5A64222808F26004FF1CC /* items */ = {
			isa = PBXGroup;
			children = (
				31F5A64022807EF1004FF1CC /* NewItemViewController.swift */,
				314675C322593F0900D8CA1E /* ItemsTableViewController.swift */,
			);
			path = items;
			sourceTree = "<group>";
		};
		31F5A64322808F37004FF1CC /* lists */ = {
			isa = PBXGroup;
			children = (
				314675CB225A110E00D8CA1E /* NewListViewController.swift */,
				31F1874922501523004CA1CE /* ListsTableViewController.swift */,
			);
			path = lists;
			sourceTree = "<group>";
		};
		31F5A64422808F64004FF1CC /* auth */ = {
			isa = PBXGroup;
			children = (
				31911627223ECE4F004A4D19 /* LoginViewController.swift */,
				31911629223ECE61004A4D19 /* SignUpViewController.swift */,
			);
			path = auth;
			sourceTree = "<group>";
		};
/* End PBXGroup section */

/* Begin PBXNativeTarget section */
		3191160B223EC906004A4D19 /* todos-ios */ = {
			isa = PBXNativeTarget;
			buildConfigurationList = 31911621223EC90A004A4D19 /* Build configuration list for PBXNativeTarget "todos-ios" */;
			buildPhases = (
				31911608223EC906004A4D19 /* Sources */,
				31911609223EC906004A4D19 /* Frameworks */,
				3191160A223EC906004A4D19 /* Resources */,
			);
			buildRules = (
			);
			dependencies = (
			);
			name = "todos-ios";
			productName = "todos-ios";
			productReference = 3191160C223EC906004A4D19 /* todos-ios.app */;
			productType = "com.apple.product-type.application";
		};
/* End PBXNativeTarget section */

/* Begin PBXProject section */
		31911604223EC906004A4D19 /* Project object */ = {
			isa = PBXProject;
			attributes = {
				LastSwiftUpdateCheck = 0940;
				LastUpgradeCheck = 0940;
				ORGANIZATIONNAME = "Daniel Mihai";
				TargetAttributes = {
					3191160B223EC906004A4D19 = {
						CreatedOnToolsVersion = 9.4.1;
					};
				};
			};
			buildConfigurationList = 31911607223EC906004A4D19 /* Build configuration list for PBXProject "todos-ios" */;
			compatibilityVersion = "Xcode 9.3";
			developmentRegion = en;
			hasScannedForEncodings = 0;
			knownRegions = (
				en,
				Base,
			);
			mainGroup = 31911603223EC906004A4D19;
			productRefGroup = 3191160D223EC906004A4D19 /* Products */;
			projectDirPath = "";
			projectRoot = "";
			targets = (
				3191160B223EC906004A4D19 /* todos-ios */,
			);
		};
/* End PBXProject section */

/* Begin PBXResourcesBuildPhase section */
		3191160A223EC906004A4D19 /* Resources */ = {
			isa = PBXResourcesBuildPhase;
			buildActionMask = 2147483647;
			files = (
				3191161D223EC90A004A4D19 /* LaunchScreen.storyboard in Resources */,
				3191161A223EC90A004A4D19 /* Assets.xcassets in Resources */,
				31911615223EC906004A4D19 /* Main.storyboard in Resources */,
			);
			runOnlyForDeploymentPostprocessing = 0;
		};
/* End PBXResourcesBuildPhase section */

/* Begin PBXSourcesBuildPhase section */
		31911608223EC906004A4D19 /* Sources */ = {
			isa = PBXSourcesBuildPhase;
			buildActionMask = 2147483647;
			files = (
				314675D5225A8E9B00D8CA1E /* QueriedUsersTableView.swift in Sources */,
				314675CE225A27E900D8CA1E /* SelectableUserCell.swift in Sources */,
				314675C222593EA300D8CA1E /* ItemViewCell.swift in Sources */,
				314675C422593F0900D8CA1E /* ItemsTableViewController.swift in Sources */,
				31911628223ECE4F004A4D19 /* LoginViewController.swift in Sources */,
				314675D0225A2C8900D8CA1E /* SelectableUser.swift in Sources */,
				31F1875722501D87004CA1CE /* ListService.swift in Sources */,
				31F5A63D227E3CEC004FF1CC /* UserTranslator.swift in Sources */,
				31AFEA6B226296A800BCBAE6 /* FriendsDataSource.swift in Sources */,
				314675D2225A301500D8CA1E /* UserService.swift in Sources */,
				3191162C223ECF9D004A4D19 /* Segues.swift in Sources */,
				31F1875522501C8C004CA1CE /* Cells.swift in Sources */,
				314675CC225A110E00D8CA1E /* NewListViewController.swift in Sources */,
				31F5A6462280C511004FF1CC /* FriendsTableViewController.swift in Sources */,
				31F5A6482280C780004FF1CC /* SearchUsersViewController.swift in Sources */,
				31F5A64122807EF1004FF1CC /* NewItemViewController.swift in Sources */,
				31AFEA692262966500BCBAE6 /* FriendViewCell.swift in Sources */,
				31D5474522637F500054C3B6 /* SelectableUserDataSource.swift in Sources */,
				31911612223EC906004A4D19 /* ViewController.swift in Sources */,
				31F1874F22501A6F004CA1CE /* List.swift in Sources */,
				314675D9225A942F00D8CA1E /* ButtonLabels.swift in Sources */,
				31911618223EC906004A4D19 /* todos_ios.xcdatamodeld in Sources */,
				314675CA225946CF00D8CA1E /* TableViewCellProtocol.swift in Sources */,
				31F5A63F227E3F3B004FF1CC /* SelectableFriendCell.swift in Sources */,
				31911610223EC906004A4D19 /* AppDelegate.swift in Sources */,
				314675C72259453600D8CA1E /* CellConstants.swift in Sources */,
				31F1875122501A7B004CA1CE /* Item.swift in Sources */,
				3191162A223ECE61004A4D19 /* SignUpViewController.swift in Sources */,
				31F1875322501B7E004CA1CE /* User.swift in Sources */,
				3191162F223EDF73004A4D19 /* AuthenticationService.swift in Sources */,
				31F1874C2250158B004CA1CE /* ListViewCell.swift in Sources */,
				31F1874A22501523004CA1CE /* ListsTableViewController.swift in Sources */,
				314675D7225A93CF00D8CA1E /* AlertLabels.swift in Sources */,
			);
			runOnlyForDeploymentPostprocessing = 0;
		};
/* End PBXSourcesBuildPhase section */

/* Begin PBXVariantGroup section */
		31911613223EC906004A4D19 /* Main.storyboard */ = {
			isa = PBXVariantGroup;
			children = (
				31911614223EC906004A4D19 /* Base */,
			);
			name = Main.storyboard;
			sourceTree = "<group>";
		};
		3191161B223EC90A004A4D19 /* LaunchScreen.storyboard */ = {
			isa = PBXVariantGroup;
			children = (
				3191161C223EC90A004A4D19 /* Base */,
			);
			name = LaunchScreen.storyboard;
			sourceTree = "<group>";
		};
/* End PBXVariantGroup section */

/* Begin XCBuildConfiguration section */
		3191161F223EC90A004A4D19 /* Debug */ = {
			isa = XCBuildConfiguration;
			buildSettings = {
				ALWAYS_SEARCH_USER_PATHS = NO;
				CLANG_ANALYZER_NONNULL = YES;
				CLANG_ANALYZER_NUMBER_OBJECT_CONVERSION = YES_AGGRESSIVE;
				CLANG_CXX_LANGUAGE_STANDARD = "gnu++14";
				CLANG_CXX_LIBRARY = "libc++";
				CLANG_ENABLE_MODULES = YES;
				CLANG_ENABLE_OBJC_ARC = YES;
				CLANG_ENABLE_OBJC_WEAK = YES;
				CLANG_WARN_BLOCK_CAPTURE_AUTORELEASING = YES;
				CLANG_WARN_BOOL_CONVERSION = YES;
				CLANG_WARN_COMMA = YES;
				CLANG_WARN_CONSTANT_CONVERSION = YES;
				CLANG_WARN_DEPRECATED_OBJC_IMPLEMENTATIONS = YES;
				CLANG_WARN_DIRECT_OBJC_ISA_USAGE = YES_ERROR;
				CLANG_WARN_DOCUMENTATION_COMMENTS = YES;
				CLANG_WARN_EMPTY_BODY = YES;
				CLANG_WARN_ENUM_CONVERSION = YES;
				CLANG_WARN_INFINITE_RECURSION = YES;
				CLANG_WARN_INT_CONVERSION = YES;
				CLANG_WARN_NON_LITERAL_NULL_CONVERSION = YES;
				CLANG_WARN_OBJC_IMPLICIT_RETAIN_SELF = YES;
				CLANG_WARN_OBJC_LITERAL_CONVERSION = YES;
				CLANG_WARN_OBJC_ROOT_CLASS = YES_ERROR;
				CLANG_WARN_RANGE_LOOP_ANALYSIS = YES;
				CLANG_WARN_STRICT_PROTOTYPES = YES;
				CLANG_WARN_SUSPICIOUS_MOVE = YES;
				CLANG_WARN_UNGUARDED_AVAILABILITY = YES_AGGRESSIVE;
				CLANG_WARN_UNREACHABLE_CODE = YES;
				CLANG_WARN__DUPLICATE_METHOD_MATCH = YES;
				CODE_SIGN_IDENTITY = "iPhone Developer";
				COPY_PHASE_STRIP = NO;
				DEBUG_INFORMATION_FORMAT = dwarf;
				ENABLE_STRICT_OBJC_MSGSEND = YES;
				ENABLE_TESTABILITY = YES;
				GCC_C_LANGUAGE_STANDARD = gnu11;
				GCC_DYNAMIC_NO_PIC = NO;
				GCC_NO_COMMON_BLOCKS = YES;
				GCC_OPTIMIZATION_LEVEL = 0;
				GCC_PREPROCESSOR_DEFINITIONS = (
					"DEBUG=1",
					"$(inherited)",
				);
				GCC_WARN_64_TO_32_BIT_CONVERSION = YES;
				GCC_WARN_ABOUT_RETURN_TYPE = YES_ERROR;
				GCC_WARN_UNDECLARED_SELECTOR = YES;
				GCC_WARN_UNINITIALIZED_AUTOS = YES_AGGRESSIVE;
				GCC_WARN_UNUSED_FUNCTION = YES;
				GCC_WARN_UNUSED_VARIABLE = YES;
				IPHONEOS_DEPLOYMENT_TARGET = 11.4;
				MTL_ENABLE_DEBUG_INFO = YES;
				ONLY_ACTIVE_ARCH = YES;
				SDKROOT = iphoneos;
				SWIFT_ACTIVE_COMPILATION_CONDITIONS = DEBUG;
				SWIFT_OPTIMIZATION_LEVEL = "-Onone";
			};
			name = Debug;
		};
		31911620223EC90A004A4D19 /* Release */ = {
			isa = XCBuildConfiguration;
			buildSettings = {
				ALWAYS_SEARCH_USER_PATHS = NO;
				CLANG_ANALYZER_NONNULL = YES;
				CLANG_ANALYZER_NUMBER_OBJECT_CONVERSION = YES_AGGRESSIVE;
				CLANG_CXX_LANGUAGE_STANDARD = "gnu++14";
				CLANG_CXX_LIBRARY = "libc++";
				CLANG_ENABLE_MODULES = YES;
				CLANG_ENABLE_OBJC_ARC = YES;
				CLANG_ENABLE_OBJC_WEAK = YES;
				CLANG_WARN_BLOCK_CAPTURE_AUTORELEASING = YES;
				CLANG_WARN_BOOL_CONVERSION = YES;
				CLANG_WARN_COMMA = YES;
				CLANG_WARN_CONSTANT_CONVERSION = YES;
				CLANG_WARN_DEPRECATED_OBJC_IMPLEMENTATIONS = YES;
				CLANG_WARN_DIRECT_OBJC_ISA_USAGE = YES_ERROR;
				CLANG_WARN_DOCUMENTATION_COMMENTS = YES;
				CLANG_WARN_EMPTY_BODY = YES;
				CLANG_WARN_ENUM_CONVERSION = YES;
				CLANG_WARN_INFINITE_RECURSION = YES;
				CLANG_WARN_INT_CONVERSION = YES;
				CLANG_WARN_NON_LITERAL_NULL_CONVERSION = YES;
				CLANG_WARN_OBJC_IMPLICIT_RETAIN_SELF = YES;
				CLANG_WARN_OBJC_LITERAL_CONVERSION = YES;
				CLANG_WARN_OBJC_ROOT_CLASS = YES_ERROR;
				CLANG_WARN_RANGE_LOOP_ANALYSIS = YES;
				CLANG_WARN_STRICT_PROTOTYPES = YES;
				CLANG_WARN_SUSPICIOUS_MOVE = YES;
				CLANG_WARN_UNGUARDED_AVAILABILITY = YES_AGGRESSIVE;
				CLANG_WARN_UNREACHABLE_CODE = YES;
				CLANG_WARN__DUPLICATE_METHOD_MATCH = YES;
				CODE_SIGN_IDENTITY = "iPhone Developer";
				COPY_PHASE_STRIP = NO;
				DEBUG_INFORMATION_FORMAT = "dwarf-with-dsym";
				ENABLE_NS_ASSERTIONS = NO;
				ENABLE_STRICT_OBJC_MSGSEND = YES;
				GCC_C_LANGUAGE_STANDARD = gnu11;
				GCC_NO_COMMON_BLOCKS = YES;
				GCC_WARN_64_TO_32_BIT_CONVERSION = YES;
				GCC_WARN_ABOUT_RETURN_TYPE = YES_ERROR;
				GCC_WARN_UNDECLARED_SELECTOR = YES;
				GCC_WARN_UNINITIALIZED_AUTOS = YES_AGGRESSIVE;
				GCC_WARN_UNUSED_FUNCTION = YES;
				GCC_WARN_UNUSED_VARIABLE = YES;
				IPHONEOS_DEPLOYMENT_TARGET = 11.4;
				MTL_ENABLE_DEBUG_INFO = NO;
				SDKROOT = iphoneos;
				SWIFT_COMPILATION_MODE = wholemodule;
				SWIFT_OPTIMIZATION_LEVEL = "-O";
				VALIDATE_PRODUCT = YES;
			};
			name = Release;
		};
		31911622223EC90A004A4D19 /* Debug */ = {
			isa = XCBuildConfiguration;
			buildSettings = {
				ASSETCATALOG_COMPILER_APPICON_NAME = AppIcon;
				CODE_SIGN_STYLE = Automatic;
				DEVELOPMENT_TEAM = 34Q552Z465;
				INFOPLIST_FILE = "todos-ios/Info.plist";
				LD_RUNPATH_SEARCH_PATHS = (
					"$(inherited)",
					"@executable_path/Frameworks",
				);
				PRODUCT_BUNDLE_IDENTIFIER = "com.todos-ios";
				PRODUCT_NAME = "$(TARGET_NAME)";
				SWIFT_VERSION = 4.0;
				TARGETED_DEVICE_FAMILY = "1,2";
			};
			name = Debug;
		};
		31911623223EC90A004A4D19 /* Release */ = {
			isa = XCBuildConfiguration;
			buildSettings = {
				ASSETCATALOG_COMPILER_APPICON_NAME = AppIcon;
				CODE_SIGN_STYLE = Automatic;
				DEVELOPMENT_TEAM = 34Q552Z465;
				INFOPLIST_FILE = "todos-ios/Info.plist";
				LD_RUNPATH_SEARCH_PATHS = (
					"$(inherited)",
					"@executable_path/Frameworks",
				);
				PRODUCT_BUNDLE_IDENTIFIER = "com.todos-ios";
				PRODUCT_NAME = "$(TARGET_NAME)";
				SWIFT_VERSION = 4.0;
				TARGETED_DEVICE_FAMILY = "1,2";
			};
			name = Release;
		};
/* End XCBuildConfiguration section */

/* Begin XCConfigurationList section */
		31911607223EC906004A4D19 /* Build configuration list for PBXProject "todos-ios" */ = {
			isa = XCConfigurationList;
			buildConfigurations = (
				3191161F223EC90A004A4D19 /* Debug */,
				31911620223EC90A004A4D19 /* Release */,
			);
			defaultConfigurationIsVisible = 0;
			defaultConfigurationName = Release;
		};
		31911621223EC90A004A4D19 /* Build configuration list for PBXNativeTarget "todos-ios" */ = {
			isa = XCConfigurationList;
			buildConfigurations = (
				31911622223EC90A004A4D19 /* Debug */,
				31911623223EC90A004A4D19 /* Release */,
			);
			defaultConfigurationIsVisible = 0;
			defaultConfigurationName = Release;
		};
/* End XCConfigurationList section */

/* Begin XCVersionGroup section */
		31911616223EC906004A4D19 /* todos_ios.xcdatamodeld */ = {
			isa = XCVersionGroup;
			children = (
				31911617223EC906004A4D19 /* todos_ios.xcdatamodel */,
			);
			currentVersion = 31911617223EC906004A4D19 /* todos_ios.xcdatamodel */;
			path = todos_ios.xcdatamodeld;
			sourceTree = "<group>";
			versionGroupType = wrapper.xcdatamodel;
		};
/* End XCVersionGroup section */
	};
	rootObject = 31911604223EC906004A4D19 /* Project object */;
}
